
Microsoft Visual Studio Solution File, Format Version 12.00
# Visual Studio Version 17
VisualStudioVersion = 17.1.32421.90
MinimumVisualStudioVersion = 10.0.40219.1
Project("{8BC9CEB8-8B4A-11D0-8D11-00A0C91BC942}") = "6.Z字形变换", "6.Z字形变换\6.Z字形变换.vcxproj", "{46A5CF4E-A8A0-4C06-806D-BE2D6E2A1029}"
EndProject
Project("{8BC9CEB8-8B4A-11D0-8D11-00A0C91BC942}") = "7.整数反转", "7.整数反转\7.整数反转.vcxproj", "{1807F87F-EFB0-44F4-BFD8-326CFDA34852}"
EndProject
Project("{8BC9CEB8-8B4A-11D0-8D11-00A0C91BC942}") = "8.字符串转换整数 (atoi)", "8.字符串转换整数 (atoi)\8.字符串转换整数 (atoi).vcxproj", "{228025EE-07A2-4B5D-B33C-0CB7BA72376B}"
EndProject
Project("{8BC9CEB8-8B4A-11D0-8D11-00A0C91BC942}") = "9.回文数", "9.回文数\9.回文数.vcxproj", "{BEB494A2-100F-4ED0-A5CE-FC2989FD85FC}"
EndProject
Project("{8BC9CEB8-8B4A-11D0-8D11-00A0C91BC942}") = "15.三数之和", "15.三数之和\15.三数之和.vcxproj", "{90C29BEF-4570-4A0C-9A17-BEC66CD94890}"
EndProject
Project("{8BC9CEB8-8B4A-11D0-8D11-00A0C91BC942}") = "11.盛水最多的容器", "11.盛水最多的容器\11.盛水最多的容器.vcxproj", "{A514255E-7D25-45C1-A04C-87E4C0742298}"
EndProject
Project("{8BC9CEB8-8B4A-11D0-8D11-00A0C91BC942}") = "12.整数转罗马数字", "12.整数转罗马数字\12.整数转罗马数字.vcxproj", "{2C86B0B2-FAEC-4823-BD08-44FA2A96C95F}"
EndProject
Project("{8BC9CEB8-8B4A-11D0-8D11-00A0C91BC942}") = "13.罗马数字转整数", "13.罗马数字转整数\13.罗马数字转整数.vcxproj", "{AF5F9AB1-0BC0-4B01-A750-1D74AD40CE50}"
EndProject
Project("{8BC9CEB8-8B4A-11D0-8D11-00A0C91BC942}") = "14. 最长公共前缀", "14. 最长公共前缀\14. 最长公共前缀.vcxproj", "{F26FBB44-7B07-43E5-A7E4-BB7D4A7C6AB4}"
EndProject
Global
	GlobalSection(SolutionConfigurationPlatforms) = preSolution
		Debug|x64 = Debug|x64
		Debug|x86 = Debug|x86
		Release|x64 = Release|x64
		Release|x86 = Release|x86
	EndGlobalSection
	GlobalSection(ProjectConfigurationPlatforms) = postSolution
		{46A5CF4E-A8A0-4C06-806D-BE2D6E2A1029}.Debug|x64.ActiveCfg = Debug|x64
		{46A5CF4E-A8A0-4C06-806D-BE2D6E2A1029}.Debug|x64.Build.0 = Debug|x64
		{46A5CF4E-A8A0-4C06-806D-BE2D6E2A1029}.Debug|x86.ActiveCfg = Debug|Win32
		{46A5CF4E-A8A0-4C06-806D-BE2D6E2A1029}.Debug|x86.Build.0 = Debug|Win32
		{46A5CF4E-A8A0-4C06-806D-BE2D6E2A1029}.Release|x64.ActiveCfg = Release|x64
		{46A5CF4E-A8A0-4C06-806D-BE2D6E2A1029}.Release|x64.Build.0 = Release|x64
		{46A5CF4E-A8A0-4C06-806D-BE2D6E2A1029}.Release|x86.ActiveCfg = Release|Win32
		{46A5CF4E-A8A0-4C06-806D-BE2D6E2A1029}.Release|x86.Build.0 = Release|Win32
		{1807F87F-EFB0-44F4-BFD8-326CFDA34852}.Debug|x64.ActiveCfg = Debug|x64
		{1807F87F-EFB0-44F4-BFD8-326CFDA34852}.Debug|x64.Build.0 = Debug|x64
		{1807F87F-EFB0-44F4-BFD8-326CFDA34852}.Debug|x86.ActiveCfg = Debug|Win32
		{1807F87F-EFB0-44F4-BFD8-326CFDA34852}.Debug|x86.Build.0 = Debug|Win32
		{1807F87F-EFB0-44F4-BFD8-326CFDA34852}.Release|x64.ActiveCfg = Release|x64
		{1807F87F-EFB0-44F4-BFD8-326CFDA34852}.Release|x64.Build.0 = Release|x64
		{1807F87F-EFB0-44F4-BFD8-326CFDA34852}.Release|x86.ActiveCfg = Release|Win32
		{1807F87F-EFB0-44F4-BFD8-326CFDA34852}.Release|x86.Build.0 = Release|Win32
		{228025EE-07A2-4B5D-B33C-0CB7BA72376B}.Debug|x64.ActiveCfg = Debug|x64
		{228025EE-07A2-4B5D-B33C-0CB7BA72376B}.Debug|x64.Build.0 = Debug|x64
		{228025EE-07A2-4B5D-B33C-0CB7BA72376B}.Debug|x86.ActiveCfg = Debug|Win32
		{228025EE-07A2-4B5D-B33C-0CB7BA72376B}.Debug|x86.Build.0 = Debug|Win32
		{228025EE-07A2-4B5D-B33C-0CB7BA72376B}.Release|x64.ActiveCfg = Release|x64
		{228025EE-07A2-4B5D-B33C-0CB7BA72376B}.Release|x64.Build.0 = Release|x64
		{228025EE-07A2-4B5D-B33C-0CB7BA72376B}.Release|x86.ActiveCfg = Release|Win32
		{228025EE-07A2-4B5D-B33C-0CB7BA72376B}.Release|x86.Build.0 = Release|Win32
		{BEB494A2-100F-4ED0-A5CE-FC2989FD85FC}.Debug|x64.ActiveCfg = Debug|x64
		{BEB494A2-100F-4ED0-A5CE-FC2989FD85FC}.Debug|x64.Build.0 = Debug|x64
		{BEB494A2-100F-4ED0-A5CE-FC2989FD85FC}.Debug|x86.ActiveCfg = Debug|Win32
		{BEB494A2-100F-4ED0-A5CE-FC2989FD85FC}.Debug|x86.Build.0 = Debug|Win32
		{BEB494A2-100F-4ED0-A5CE-FC2989FD85FC}.Release|x64.ActiveCfg = Release|x64
		{BEB494A2-100F-4ED0-A5CE-FC2989FD85FC}.Release|x64.Build.0 = Release|x64
		{BEB494A2-100F-4ED0-A5CE-FC2989FD85FC}.Release|x86.ActiveCfg = Release|Win32
		{BEB494A2-100F-4ED0-A5CE-FC2989FD85FC}.Release|x86.Build.0 = Release|Win32
		{90C29BEF-4570-4A0C-9A17-BEC66CD94890}.Debug|x64.ActiveCfg = Debug|x64
		{90C29BEF-4570-4A0C-9A17-BEC66CD94890}.Debug|x64.Build.0 = Debug|x64
		{90C29BEF-4570-4A0C-9A17-BEC66CD94890}.Debug|x86.ActiveCfg = Debug|Win32
		{90C29BEF-4570-4A0C-9A17-BEC66CD94890}.Debug|x86.Build.0 = Debug|Win32
		{90C29BEF-4570-4A0C-9A17-BEC66CD94890}.Release|x64.ActiveCfg = Release|x64
		{90C29BEF-4570-4A0C-9A17-BEC66CD94890}.Release|x64.Build.0 = Release|x64
		{90C29BEF-4570-4A0C-9A17-BEC66CD94890}.Release|x86.ActiveCfg = Release|Win32
		{90C29BEF-4570-4A0C-9A17-BEC66CD94890}.Release|x86.Build.0 = Release|Win32
		{A514255E-7D25-45C1-A04C-87E4C0742298}.Debug|x64.ActiveCfg = Debug|x64
		{A514255E-7D25-45C1-A04C-87E4C0742298}.Debug|x64.Build.0 = Debug|x64
		{A514255E-7D25-45C1-A04C-87E4C0742298}.Debug|x86.ActiveCfg = Debug|Win32
		{A514255E-7D25-45C1-A04C-87E4C0742298}.Debug|x86.Build.0 = Debug|Win32
		{A514255E-7D25-45C1-A04C-87E4C0742298}.Release|x64.ActiveCfg = Release|x64
		{A514255E-7D25-45C1-A04C-87E4C0742298}.Release|x64.Build.0 = Release|x64
		{A514255E-7D25-45C1-A04C-87E4C0742298}.Release|x86.ActiveCfg = Release|Win32
		{A514255E-7D25-45C1-A04C-87E4C0742298}.Release|x86.Build.0 = Release|Win32
		{2C86B0B2-FAEC-4823-BD08-44FA2A96C95F}.Debug|x64.ActiveCfg = Debug|x64
		{2C86B0B2-FAEC-4823-BD08-44FA2A96C95F}.Debug|x64.Build.0 = Debug|x64
		{2C86B0B2-FAEC-4823-BD08-44FA2A96C95F}.Debug|x86.ActiveCfg = Debug|Win32
		{2C86B0B2-FAEC-4823-BD08-44FA2A96C95F}.Debug|x86.Build.0 = Debug|Win32
		{2C86B0B2-FAEC-4823-BD08-44FA2A96C95F}.Release|x64.ActiveCfg = Release|x64
		{2C86B0B2-FAEC-4823-BD08-44FA2A96C95F}.Release|x64.Build.0 = Release|x64
		{2C86B0B2-FAEC-4823-BD08-44FA2A96C95F}.Release|x86.ActiveCfg = Release|Win32
		{2C86B0B2-FAEC-4823-BD08-44FA2A96C95F}.Release|x86.Build.0 = Release|Win32
		{AF5F9AB1-0BC0-4B01-A750-1D74AD40CE50}.Debug|x64.ActiveCfg = Debug|x64
		{AF5F9AB1-0BC0-4B01-A750-1D74AD40CE50}.Debug|x64.Build.0 = Debug|x64
		{AF5F9AB1-0BC0-4B01-A750-1D74AD40CE50}.Debug|x86.ActiveCfg = Debug|Win32
		{AF5F9AB1-0BC0-4B01-A750-1D74AD40CE50}.Debug|x86.Build.0 = Debug|Win32
		{AF5F9AB1-0BC0-4B01-A750-1D74AD40CE50}.Release|x64.ActiveCfg = Release|x64
		{AF5F9AB1-0BC0-4B01-A750-1D74AD40CE50}.Release|x64.Build.0 = Release|x64
		{AF5F9AB1-0BC0-4B01-A750-1D74AD40CE50}.Release|x86.ActiveCfg = Release|Win32
		{AF5F9AB1-0BC0-4B01-A750-1D74AD40CE50}.Release|x86.Build.0 = Release|Win32
		{F26FBB44-7B07-43E5-A7E4-BB7D4A7C6AB4}.Debug|x64.ActiveCfg = Debug|x64
		{F26FBB44-7B07-43E5-A7E4-BB7D4A7C6AB4}.Debug|x64.Build.0 = Debug|x64
		{F26FBB44-7B07-43E5-A7E4-BB7D4A7C6AB4}.Debug|x86.ActiveCfg = Debug|Win32
		{F26FBB44-7B07-43E5-A7E4-BB7D4A7C6AB4}.Debug|x86.Build.0 = Debug|Win32
		{F26FBB44-7B07-43E5-A7E4-BB7D4A7C6AB4}.Release|x64.ActiveCfg = Release|x64
		{F26FBB44-7B07-43E5-A7E4-BB7D4A7C6AB4}.Release|x64.Build.0 = Release|x64
		{F26FBB44-7B07-43E5-A7E4-BB7D4A7C6AB4}.Release|x86.ActiveCfg = Release|Win32
		{F26FBB44-7B07-43E5-A7E4-BB7D4A7C6AB4}.Release|x86.Build.0 = Release|Win32
	EndGlobalSection
	GlobalSection(SolutionProperties) = preSolution
		HideSolutionNode = FALSE
	EndGlobalSection
	GlobalSection(ExtensibilityGlobals) = postSolution
		SolutionGuid = {5F138393-D210-401B-9933-93E802A89FE1}
	EndGlobalSection
EndGlobal
