
Microsoft Visual Studio Solution File, Format Version 12.00
# Visual Studio Version 17
VisualStudioVersion = 17.1.32421.90
MinimumVisualStudioVersion = 10.0.40219.1
Project("{8BC9CEB8-8B4A-11D0-8D11-00A0C91BC942}") = "15.三数之和", "15.三数之和\15.三数之和.vcxproj", "{90C29BEF-4570-4A0C-9A17-BEC66CD94890}"
EndProject
Project("{8BC9CEB8-8B4A-11D0-8D11-00A0C91BC942}") = "11.盛水最多的容器", "11.盛水最多的容器\11.盛水最多的容器.vcxproj", "{A514255E-7D25-45C1-A04C-87E4C0742298}"
EndProject
Project("{8BC9CEB8-8B4A-11D0-8D11-00A0C91BC942}") = "12.整数转罗马数字", "12.整数转罗马数字\12.整数转罗马数字.vcxproj", "{2C86B0B2-FAEC-4823-BD08-44FA2A96C95F}"
EndProject
Project("{8BC9CEB8-8B4A-11D0-8D11-00A0C91BC942}") = "13.罗马数字转整数", "13.罗马数字转整数\13.罗马数字转整数.vcxproj", "{AF5F9AB1-0BC0-4B01-A750-1D74AD40CE50}"
EndProject
Project("{8BC9CEB8-8B4A-11D0-8D11-00A0C91BC942}") = "14. 最长公共前缀", "14. 最长公共前缀\14. 最长公共前缀.vcxproj", "{F26FBB44-7B07-43E5-A7E4-BB7D4A7C6AB4}"
EndProject
Project("{8BC9CEB8-8B4A-11D0-8D11-00A0C91BC942}") = "06.Z字形变换", "06.Z字形变换\06.Z字形变换.vcxproj", "{46A5CF4E-A8A0-4C06-806D-BE2D6E2A1029}"
EndProject
Project("{8BC9CEB8-8B4A-11D0-8D11-00A0C91BC942}") = "07.整数反转", "07.整数反转\07.整数反转.vcxproj", "{1807F87F-EFB0-44F4-BFD8-326CFDA34852}"
EndProject
Project("{8BC9CEB8-8B4A-11D0-8D11-00A0C91BC942}") = "08.字符串转换整数 (atoi)", "08.字符串转换整数 (atoi)\08.字符串转换整数 (atoi).vcxproj", "{228025EE-07A2-4B5D-B33C-0CB7BA72376B}"
EndProject
Project("{8BC9CEB8-8B4A-11D0-8D11-00A0C91BC942}") = "09.回文数", "09.回文数\09.回文数.vcxproj", "{BEB494A2-100F-4ED0-A5CE-FC2989FD85FC}"
EndProject
Project("{8BC9CEB8-8B4A-11D0-8D11-00A0C91BC942}") = "16.最接近的三数之和", "16.最接近的三数之和\16.最接近的三数之和.vcxproj", "{7C31063B-FB37-43F4-9014-F18EE76CAB0D}"
EndProject
Project("{8BC9CEB8-8B4A-11D0-8D11-00A0C91BC942}") = "17.电话号码的字母组合", "17.电话号码的字母组合\17.电话号码的字母组合.vcxproj", "{2F53A966-5C71-401A-BD8A-568D3F734BC0}"
EndProject
Project("{8BC9CEB8-8B4A-11D0-8D11-00A0C91BC942}") = "18.四数之和", "18.四数之和\18.四数之和.vcxproj", "{ECB20064-5E19-419C-9FDB-0C3C7C2B97A2}"
EndProject
Project("{8BC9CEB8-8B4A-11D0-8D11-00A0C91BC942}") = "19.删除链表的倒数第N个结点", "19.删除链表的倒数第N个结点\19.删除链表的倒数第N个结点.vcxproj", "{CF181CFD-092B-46F2-BA36-318F2B65DF54}"
EndProject
Project("{8BC9CEB8-8B4A-11D0-8D11-00A0C91BC942}") = "20.有效的括号", "20.有效的括号\20.有效的括号.vcxproj", "{4ABE190C-0780-4F10-8378-EA91A2A53092}"
EndProject
Project("{8BC9CEB8-8B4A-11D0-8D11-00A0C91BC942}") = "21.合并两个有序链表", "21.合并两个有序链表\21.合并两个有序链表.vcxproj", "{71B47334-AB35-4936-B458-7F8EDDC31F1E}"
EndProject
Project("{8BC9CEB8-8B4A-11D0-8D11-00A0C91BC942}") = "22.括号生成", "22.括号生成\22.括号生成.vcxproj", "{3ABE421D-E5B1-4BC4-A156-23CAA6410C73}"
EndProject
Project("{8BC9CEB8-8B4A-11D0-8D11-00A0C91BC942}") = "24.两两交换链表中的节点", "24.两两交换链表中的节点\24.两两交换链表中的节点.vcxproj", "{A61C9A88-B2F8-4996-BEF4-8EC70E9BB2CA}"
EndProject
Project("{8BC9CEB8-8B4A-11D0-8D11-00A0C91BC942}") = "26.删除有序数组中的重复项", "26.删除有序数组中的重复项\26.删除有序数组中的重复项.vcxproj", "{A707610F-AA5A-45DD-A557-446A0BB6942A}"
EndProject
Project("{8BC9CEB8-8B4A-11D0-8D11-00A0C91BC942}") = "27.移除元素", "27.移除元素\27.移除元素.vcxproj", "{38AC8F3D-CD68-431D-8DDB-563B63FFDE98}"
EndProject
Project("{8BC9CEB8-8B4A-11D0-8D11-00A0C91BC942}") = "28.实现strStr()", "28.实现strStr()\28.实现strStr().vcxproj", "{681FC927-CBC4-47F7-AB46-B633CB089D90}"
EndProject
Project("{8BC9CEB8-8B4A-11D0-8D11-00A0C91BC942}") = "29.两数相除", "29.两数相除\29.两数相除.vcxproj", "{C79EA624-99E9-452B-9900-57694D25658C}"
EndProject
Project("{8BC9CEB8-8B4A-11D0-8D11-00A0C91BC942}") = "31.下一个排列", "31.下一个排列\31.下一个排列.vcxproj", "{524707D3-E671-4913-A067-0F8000EE0A2D}"
EndProject
Global
	GlobalSection(SolutionConfigurationPlatforms) = preSolution
		Debug|x64 = Debug|x64
		Debug|x86 = Debug|x86
		Release|x64 = Release|x64
		Release|x86 = Release|x86
	EndGlobalSection
	GlobalSection(ProjectConfigurationPlatforms) = postSolution
		{90C29BEF-4570-4A0C-9A17-BEC66CD94890}.Debug|x64.ActiveCfg = Debug|x64
		{90C29BEF-4570-4A0C-9A17-BEC66CD94890}.Debug|x64.Build.0 = Debug|x64
		{90C29BEF-4570-4A0C-9A17-BEC66CD94890}.Debug|x86.ActiveCfg = Debug|Win32
		{90C29BEF-4570-4A0C-9A17-BEC66CD94890}.Debug|x86.Build.0 = Debug|Win32
		{90C29BEF-4570-4A0C-9A17-BEC66CD94890}.Release|x64.ActiveCfg = Release|x64
		{90C29BEF-4570-4A0C-9A17-BEC66CD94890}.Release|x64.Build.0 = Release|x64
		{90C29BEF-4570-4A0C-9A17-BEC66CD94890}.Release|x86.ActiveCfg = Release|Win32
		{90C29BEF-4570-4A0C-9A17-BEC66CD94890}.Release|x86.Build.0 = Release|Win32
		{A514255E-7D25-45C1-A04C-87E4C0742298}.Debug|x64.ActiveCfg = Debug|x64
		{A514255E-7D25-45C1-A04C-87E4C0742298}.Debug|x64.Build.0 = Debug|x64
		{A514255E-7D25-45C1-A04C-87E4C0742298}.Debug|x86.ActiveCfg = Debug|Win32
		{A514255E-7D25-45C1-A04C-87E4C0742298}.Debug|x86.Build.0 = Debug|Win32
		{A514255E-7D25-45C1-A04C-87E4C0742298}.Release|x64.ActiveCfg = Release|x64
		{A514255E-7D25-45C1-A04C-87E4C0742298}.Release|x64.Build.0 = Release|x64
		{A514255E-7D25-45C1-A04C-87E4C0742298}.Release|x86.ActiveCfg = Release|Win32
		{A514255E-7D25-45C1-A04C-87E4C0742298}.Release|x86.Build.0 = Release|Win32
		{2C86B0B2-FAEC-4823-BD08-44FA2A96C95F}.Debug|x64.ActiveCfg = Debug|x64
		{2C86B0B2-FAEC-4823-BD08-44FA2A96C95F}.Debug|x64.Build.0 = Debug|x64
		{2C86B0B2-FAEC-4823-BD08-44FA2A96C95F}.Debug|x86.ActiveCfg = Debug|Win32
		{2C86B0B2-FAEC-4823-BD08-44FA2A96C95F}.Debug|x86.Build.0 = Debug|Win32
		{2C86B0B2-FAEC-4823-BD08-44FA2A96C95F}.Release|x64.ActiveCfg = Release|x64
		{2C86B0B2-FAEC-4823-BD08-44FA2A96C95F}.Release|x64.Build.0 = Release|x64
		{2C86B0B2-FAEC-4823-BD08-44FA2A96C95F}.Release|x86.ActiveCfg = Release|Win32
		{2C86B0B2-FAEC-4823-BD08-44FA2A96C95F}.Release|x86.Build.0 = Release|Win32
		{AF5F9AB1-0BC0-4B01-A750-1D74AD40CE50}.Debug|x64.ActiveCfg = Debug|x64
		{AF5F9AB1-0BC0-4B01-A750-1D74AD40CE50}.Debug|x64.Build.0 = Debug|x64
		{AF5F9AB1-0BC0-4B01-A750-1D74AD40CE50}.Debug|x86.ActiveCfg = Debug|Win32
		{AF5F9AB1-0BC0-4B01-A750-1D74AD40CE50}.Debug|x86.Build.0 = Debug|Win32
		{AF5F9AB1-0BC0-4B01-A750-1D74AD40CE50}.Release|x64.ActiveCfg = Release|x64
		{AF5F9AB1-0BC0-4B01-A750-1D74AD40CE50}.Release|x64.Build.0 = Release|x64
		{AF5F9AB1-0BC0-4B01-A750-1D74AD40CE50}.Release|x86.ActiveCfg = Release|Win32
		{AF5F9AB1-0BC0-4B01-A750-1D74AD40CE50}.Release|x86.Build.0 = Release|Win32
		{F26FBB44-7B07-43E5-A7E4-BB7D4A7C6AB4}.Debug|x64.ActiveCfg = Debug|x64
		{F26FBB44-7B07-43E5-A7E4-BB7D4A7C6AB4}.Debug|x64.Build.0 = Debug|x64
		{F26FBB44-7B07-43E5-A7E4-BB7D4A7C6AB4}.Debug|x86.ActiveCfg = Debug|Win32
		{F26FBB44-7B07-43E5-A7E4-BB7D4A7C6AB4}.Debug|x86.Build.0 = Debug|Win32
		{F26FBB44-7B07-43E5-A7E4-BB7D4A7C6AB4}.Release|x64.ActiveCfg = Release|x64
		{F26FBB44-7B07-43E5-A7E4-BB7D4A7C6AB4}.Release|x64.Build.0 = Release|x64
		{F26FBB44-7B07-43E5-A7E4-BB7D4A7C6AB4}.Release|x86.ActiveCfg = Release|Win32
		{F26FBB44-7B07-43E5-A7E4-BB7D4A7C6AB4}.Release|x86.Build.0 = Release|Win32
		{46A5CF4E-A8A0-4C06-806D-BE2D6E2A1029}.Debug|x64.ActiveCfg = Debug|x64
		{46A5CF4E-A8A0-4C06-806D-BE2D6E2A1029}.Debug|x64.Build.0 = Debug|x64
		{46A5CF4E-A8A0-4C06-806D-BE2D6E2A1029}.Debug|x86.ActiveCfg = Debug|Win32
		{46A5CF4E-A8A0-4C06-806D-BE2D6E2A1029}.Debug|x86.Build.0 = Debug|Win32
		{46A5CF4E-A8A0-4C06-806D-BE2D6E2A1029}.Release|x64.ActiveCfg = Release|x64
		{46A5CF4E-A8A0-4C06-806D-BE2D6E2A1029}.Release|x64.Build.0 = Release|x64
		{46A5CF4E-A8A0-4C06-806D-BE2D6E2A1029}.Release|x86.ActiveCfg = Release|Win32
		{46A5CF4E-A8A0-4C06-806D-BE2D6E2A1029}.Release|x86.Build.0 = Release|Win32
		{1807F87F-EFB0-44F4-BFD8-326CFDA34852}.Debug|x64.ActiveCfg = Debug|x64
		{1807F87F-EFB0-44F4-BFD8-326CFDA34852}.Debug|x64.Build.0 = Debug|x64
		{1807F87F-EFB0-44F4-BFD8-326CFDA34852}.Debug|x86.ActiveCfg = Debug|Win32
		{1807F87F-EFB0-44F4-BFD8-326CFDA34852}.Debug|x86.Build.0 = Debug|Win32
		{1807F87F-EFB0-44F4-BFD8-326CFDA34852}.Release|x64.ActiveCfg = Release|x64
		{1807F87F-EFB0-44F4-BFD8-326CFDA34852}.Release|x64.Build.0 = Release|x64
		{1807F87F-EFB0-44F4-BFD8-326CFDA34852}.Release|x86.ActiveCfg = Release|Win32
		{1807F87F-EFB0-44F4-BFD8-326CFDA34852}.Release|x86.Build.0 = Release|Win32
		{228025EE-07A2-4B5D-B33C-0CB7BA72376B}.Debug|x64.ActiveCfg = Debug|x64
		{228025EE-07A2-4B5D-B33C-0CB7BA72376B}.Debug|x64.Build.0 = Debug|x64
		{228025EE-07A2-4B5D-B33C-0CB7BA72376B}.Debug|x86.ActiveCfg = Debug|Win32
		{228025EE-07A2-4B5D-B33C-0CB7BA72376B}.Debug|x86.Build.0 = Debug|Win32
		{228025EE-07A2-4B5D-B33C-0CB7BA72376B}.Release|x64.ActiveCfg = Release|x64
		{228025EE-07A2-4B5D-B33C-0CB7BA72376B}.Release|x64.Build.0 = Release|x64
		{228025EE-07A2-4B5D-B33C-0CB7BA72376B}.Release|x86.ActiveCfg = Release|Win32
		{228025EE-07A2-4B5D-B33C-0CB7BA72376B}.Release|x86.Build.0 = Release|Win32
		{BEB494A2-100F-4ED0-A5CE-FC2989FD85FC}.Debug|x64.ActiveCfg = Debug|x64
		{BEB494A2-100F-4ED0-A5CE-FC2989FD85FC}.Debug|x64.Build.0 = Debug|x64
		{BEB494A2-100F-4ED0-A5CE-FC2989FD85FC}.Debug|x86.ActiveCfg = Debug|Win32
		{BEB494A2-100F-4ED0-A5CE-FC2989FD85FC}.Debug|x86.Build.0 = Debug|Win32
		{BEB494A2-100F-4ED0-A5CE-FC2989FD85FC}.Release|x64.ActiveCfg = Release|x64
		{BEB494A2-100F-4ED0-A5CE-FC2989FD85FC}.Release|x64.Build.0 = Release|x64
		{BEB494A2-100F-4ED0-A5CE-FC2989FD85FC}.Release|x86.ActiveCfg = Release|Win32
		{BEB494A2-100F-4ED0-A5CE-FC2989FD85FC}.Release|x86.Build.0 = Release|Win32
		{7C31063B-FB37-43F4-9014-F18EE76CAB0D}.Debug|x64.ActiveCfg = Debug|x64
		{7C31063B-FB37-43F4-9014-F18EE76CAB0D}.Debug|x64.Build.0 = Debug|x64
		{7C31063B-FB37-43F4-9014-F18EE76CAB0D}.Debug|x86.ActiveCfg = Debug|Win32
		{7C31063B-FB37-43F4-9014-F18EE76CAB0D}.Debug|x86.Build.0 = Debug|Win32
		{7C31063B-FB37-43F4-9014-F18EE76CAB0D}.Release|x64.ActiveCfg = Release|x64
		{7C31063B-FB37-43F4-9014-F18EE76CAB0D}.Release|x64.Build.0 = Release|x64
		{7C31063B-FB37-43F4-9014-F18EE76CAB0D}.Release|x86.ActiveCfg = Release|Win32
		{7C31063B-FB37-43F4-9014-F18EE76CAB0D}.Release|x86.Build.0 = Release|Win32
		{2F53A966-5C71-401A-BD8A-568D3F734BC0}.Debug|x64.ActiveCfg = Debug|x64
		{2F53A966-5C71-401A-BD8A-568D3F734BC0}.Debug|x64.Build.0 = Debug|x64
		{2F53A966-5C71-401A-BD8A-568D3F734BC0}.Debug|x86.ActiveCfg = Debug|Win32
		{2F53A966-5C71-401A-BD8A-568D3F734BC0}.Debug|x86.Build.0 = Debug|Win32
		{2F53A966-5C71-401A-BD8A-568D3F734BC0}.Release|x64.ActiveCfg = Release|x64
		{2F53A966-5C71-401A-BD8A-568D3F734BC0}.Release|x64.Build.0 = Release|x64
		{2F53A966-5C71-401A-BD8A-568D3F734BC0}.Release|x86.ActiveCfg = Release|Win32
		{2F53A966-5C71-401A-BD8A-568D3F734BC0}.Release|x86.Build.0 = Release|Win32
		{ECB20064-5E19-419C-9FDB-0C3C7C2B97A2}.Debug|x64.ActiveCfg = Debug|x64
		{ECB20064-5E19-419C-9FDB-0C3C7C2B97A2}.Debug|x64.Build.0 = Debug|x64
		{ECB20064-5E19-419C-9FDB-0C3C7C2B97A2}.Debug|x86.ActiveCfg = Debug|Win32
		{ECB20064-5E19-419C-9FDB-0C3C7C2B97A2}.Debug|x86.Build.0 = Debug|Win32
		{ECB20064-5E19-419C-9FDB-0C3C7C2B97A2}.Release|x64.ActiveCfg = Release|x64
		{ECB20064-5E19-419C-9FDB-0C3C7C2B97A2}.Release|x64.Build.0 = Release|x64
		{ECB20064-5E19-419C-9FDB-0C3C7C2B97A2}.Release|x86.ActiveCfg = Release|Win32
		{ECB20064-5E19-419C-9FDB-0C3C7C2B97A2}.Release|x86.Build.0 = Release|Win32
		{CF181CFD-092B-46F2-BA36-318F2B65DF54}.Debug|x64.ActiveCfg = Debug|x64
		{CF181CFD-092B-46F2-BA36-318F2B65DF54}.Debug|x64.Build.0 = Debug|x64
		{CF181CFD-092B-46F2-BA36-318F2B65DF54}.Debug|x86.ActiveCfg = Debug|Win32
		{CF181CFD-092B-46F2-BA36-318F2B65DF54}.Debug|x86.Build.0 = Debug|Win32
		{CF181CFD-092B-46F2-BA36-318F2B65DF54}.Release|x64.ActiveCfg = Release|x64
		{CF181CFD-092B-46F2-BA36-318F2B65DF54}.Release|x64.Build.0 = Release|x64
		{CF181CFD-092B-46F2-BA36-318F2B65DF54}.Release|x86.ActiveCfg = Release|Win32
		{CF181CFD-092B-46F2-BA36-318F2B65DF54}.Release|x86.Build.0 = Release|Win32
		{4ABE190C-0780-4F10-8378-EA91A2A53092}.Debug|x64.ActiveCfg = Debug|x64
		{4ABE190C-0780-4F10-8378-EA91A2A53092}.Debug|x64.Build.0 = Debug|x64
		{4ABE190C-0780-4F10-8378-EA91A2A53092}.Debug|x86.ActiveCfg = Debug|Win32
		{4ABE190C-0780-4F10-8378-EA91A2A53092}.Debug|x86.Build.0 = Debug|Win32
		{4ABE190C-0780-4F10-8378-EA91A2A53092}.Release|x64.ActiveCfg = Release|x64
		{4ABE190C-0780-4F10-8378-EA91A2A53092}.Release|x64.Build.0 = Release|x64
		{4ABE190C-0780-4F10-8378-EA91A2A53092}.Release|x86.ActiveCfg = Release|Win32
		{4ABE190C-0780-4F10-8378-EA91A2A53092}.Release|x86.Build.0 = Release|Win32
		{71B47334-AB35-4936-B458-7F8EDDC31F1E}.Debug|x64.ActiveCfg = Debug|x64
		{71B47334-AB35-4936-B458-7F8EDDC31F1E}.Debug|x64.Build.0 = Debug|x64
		{71B47334-AB35-4936-B458-7F8EDDC31F1E}.Debug|x86.ActiveCfg = Debug|Win32
		{71B47334-AB35-4936-B458-7F8EDDC31F1E}.Debug|x86.Build.0 = Debug|Win32
		{71B47334-AB35-4936-B458-7F8EDDC31F1E}.Release|x64.ActiveCfg = Release|x64
		{71B47334-AB35-4936-B458-7F8EDDC31F1E}.Release|x64.Build.0 = Release|x64
		{71B47334-AB35-4936-B458-7F8EDDC31F1E}.Release|x86.ActiveCfg = Release|Win32
		{71B47334-AB35-4936-B458-7F8EDDC31F1E}.Release|x86.Build.0 = Release|Win32
		{3ABE421D-E5B1-4BC4-A156-23CAA6410C73}.Debug|x64.ActiveCfg = Debug|x64
		{3ABE421D-E5B1-4BC4-A156-23CAA6410C73}.Debug|x64.Build.0 = Debug|x64
		{3ABE421D-E5B1-4BC4-A156-23CAA6410C73}.Debug|x86.ActiveCfg = Debug|Win32
		{3ABE421D-E5B1-4BC4-A156-23CAA6410C73}.Debug|x86.Build.0 = Debug|Win32
		{3ABE421D-E5B1-4BC4-A156-23CAA6410C73}.Release|x64.ActiveCfg = Release|x64
		{3ABE421D-E5B1-4BC4-A156-23CAA6410C73}.Release|x64.Build.0 = Release|x64
		{3ABE421D-E5B1-4BC4-A156-23CAA6410C73}.Release|x86.ActiveCfg = Release|Win32
		{3ABE421D-E5B1-4BC4-A156-23CAA6410C73}.Release|x86.Build.0 = Release|Win32
		{A61C9A88-B2F8-4996-BEF4-8EC70E9BB2CA}.Debug|x64.ActiveCfg = Debug|x64
		{A61C9A88-B2F8-4996-BEF4-8EC70E9BB2CA}.Debug|x64.Build.0 = Debug|x64
		{A61C9A88-B2F8-4996-BEF4-8EC70E9BB2CA}.Debug|x86.ActiveCfg = Debug|Win32
		{A61C9A88-B2F8-4996-BEF4-8EC70E9BB2CA}.Debug|x86.Build.0 = Debug|Win32
		{A61C9A88-B2F8-4996-BEF4-8EC70E9BB2CA}.Release|x64.ActiveCfg = Release|x64
		{A61C9A88-B2F8-4996-BEF4-8EC70E9BB2CA}.Release|x64.Build.0 = Release|x64
		{A61C9A88-B2F8-4996-BEF4-8EC70E9BB2CA}.Release|x86.ActiveCfg = Release|Win32
		{A61C9A88-B2F8-4996-BEF4-8EC70E9BB2CA}.Release|x86.Build.0 = Release|Win32
		{A707610F-AA5A-45DD-A557-446A0BB6942A}.Debug|x64.ActiveCfg = Debug|x64
		{A707610F-AA5A-45DD-A557-446A0BB6942A}.Debug|x64.Build.0 = Debug|x64
		{A707610F-AA5A-45DD-A557-446A0BB6942A}.Debug|x86.ActiveCfg = Debug|Win32
		{A707610F-AA5A-45DD-A557-446A0BB6942A}.Debug|x86.Build.0 = Debug|Win32
		{A707610F-AA5A-45DD-A557-446A0BB6942A}.Release|x64.ActiveCfg = Release|x64
		{A707610F-AA5A-45DD-A557-446A0BB6942A}.Release|x64.Build.0 = Release|x64
		{A707610F-AA5A-45DD-A557-446A0BB6942A}.Release|x86.ActiveCfg = Release|Win32
		{A707610F-AA5A-45DD-A557-446A0BB6942A}.Release|x86.Build.0 = Release|Win32
		{38AC8F3D-CD68-431D-8DDB-563B63FFDE98}.Debug|x64.ActiveCfg = Debug|x64
		{38AC8F3D-CD68-431D-8DDB-563B63FFDE98}.Debug|x64.Build.0 = Debug|x64
		{38AC8F3D-CD68-431D-8DDB-563B63FFDE98}.Debug|x86.ActiveCfg = Debug|Win32
		{38AC8F3D-CD68-431D-8DDB-563B63FFDE98}.Debug|x86.Build.0 = Debug|Win32
		{38AC8F3D-CD68-431D-8DDB-563B63FFDE98}.Release|x64.ActiveCfg = Release|x64
		{38AC8F3D-CD68-431D-8DDB-563B63FFDE98}.Release|x64.Build.0 = Release|x64
		{38AC8F3D-CD68-431D-8DDB-563B63FFDE98}.Release|x86.ActiveCfg = Release|Win32
		{38AC8F3D-CD68-431D-8DDB-563B63FFDE98}.Release|x86.Build.0 = Release|Win32
		{681FC927-CBC4-47F7-AB46-B633CB089D90}.Debug|x64.ActiveCfg = Debug|x64
		{681FC927-CBC4-47F7-AB46-B633CB089D90}.Debug|x64.Build.0 = Debug|x64
		{681FC927-CBC4-47F7-AB46-B633CB089D90}.Debug|x86.ActiveCfg = Debug|Win32
		{681FC927-CBC4-47F7-AB46-B633CB089D90}.Debug|x86.Build.0 = Debug|Win32
		{681FC927-CBC4-47F7-AB46-B633CB089D90}.Release|x64.ActiveCfg = Release|x64
		{681FC927-CBC4-47F7-AB46-B633CB089D90}.Release|x64.Build.0 = Release|x64
		{681FC927-CBC4-47F7-AB46-B633CB089D90}.Release|x86.ActiveCfg = Release|Win32
		{681FC927-CBC4-47F7-AB46-B633CB089D90}.Release|x86.Build.0 = Release|Win32
		{C79EA624-99E9-452B-9900-57694D25658C}.Debug|x64.ActiveCfg = Debug|x64
		{C79EA624-99E9-452B-9900-57694D25658C}.Debug|x64.Build.0 = Debug|x64
		{C79EA624-99E9-452B-9900-57694D25658C}.Debug|x86.ActiveCfg = Debug|Win32
		{C79EA624-99E9-452B-9900-57694D25658C}.Debug|x86.Build.0 = Debug|Win32
		{C79EA624-99E9-452B-9900-57694D25658C}.Release|x64.ActiveCfg = Release|x64
		{C79EA624-99E9-452B-9900-57694D25658C}.Release|x64.Build.0 = Release|x64
		{C79EA624-99E9-452B-9900-57694D25658C}.Release|x86.ActiveCfg = Release|Win32
		{C79EA624-99E9-452B-9900-57694D25658C}.Release|x86.Build.0 = Release|Win32
		{524707D3-E671-4913-A067-0F8000EE0A2D}.Debug|x64.ActiveCfg = Debug|x64
		{524707D3-E671-4913-A067-0F8000EE0A2D}.Debug|x64.Build.0 = Debug|x64
		{524707D3-E671-4913-A067-0F8000EE0A2D}.Debug|x86.ActiveCfg = Debug|Win32
		{524707D3-E671-4913-A067-0F8000EE0A2D}.Debug|x86.Build.0 = Debug|Win32
		{524707D3-E671-4913-A067-0F8000EE0A2D}.Release|x64.ActiveCfg = Release|x64
		{524707D3-E671-4913-A067-0F8000EE0A2D}.Release|x64.Build.0 = Release|x64
		{524707D3-E671-4913-A067-0F8000EE0A2D}.Release|x86.ActiveCfg = Release|Win32
		{524707D3-E671-4913-A067-0F8000EE0A2D}.Release|x86.Build.0 = Release|Win32
	EndGlobalSection
	GlobalSection(SolutionProperties) = preSolution
		HideSolutionNode = FALSE
	EndGlobalSection
	GlobalSection(ExtensibilityGlobals) = postSolution
		SolutionGuid = {5F138393-D210-401B-9933-93E802A89FE1}
	EndGlobalSection
EndGlobal
